Microsoft Visual Studio Solution File, Format Version 12.00
# Visual Studio 15
VisualStudioVersion = 15.0.28307.168
MinimumVisualStudioVersion = 10.0.40219.1
Project("{E24C65DC-7377-472B-9ABA-BC803B73C61A}") = "cms.vApp.local", ".", "{420F4FED-2F28-4BE5-8CEA-9A6B9A57558B}"
	ProjectSection(WebsiteProperties) = preProject
		TargetFrameworkMoniker = ".NETFramework,Version%3Dv3.5"
		Debug.AspNetCompiler.VirtualPath = "/KenticoCMS"
		Debug.AspNetCompiler.PhysicalPath = "..\KenticoCMS\"
		Debug.AspNetCompiler.TargetPath = "PrecompiledWeb\KenticoCMS\"
		Debug.AspNetCompiler.Updateable = "true"
		Debug.AspNetCompiler.ForceOverwrite = "true"
		Debug.AspNetCompiler.FixedNames = "false"
		Debug.AspNetCompiler.Debug = "True"
		Release.AspNetCompiler.VirtualPath = "/KenticoCMS"
		Release.AspNetCompiler.PhysicalPath = "..\KenticoCMS\"
		Release.AspNetCompiler.TargetPath = "PrecompiledWeb\KenticoCMS\"
		Release.AspNetCompiler.Updateable = "true"
		Release.AspNetCompiler.ForceOverwrite = "true"
		Release.AspNetCompiler.FixedNames = "false"
		Release.AspNetCompiler.Debug = "False"
		VWDPort = "1469"
		SlnRelativePath = "..\KenticoCMS\"
	EndProjectSection
EndProject
Global
	GlobalSection(SolutionConfigurationPlatforms) = preSolution
		Debug|.NET = Debug|.NET
		Debug|Any CPU = Debug|Any CPU
		Debug|Mixed Platforms = Debug|Mixed Platforms
		Release|.NET = Release|.NET
		Release|Any CPU = Release|Any CPU
		Release|Mixed Platforms = Release|Mixed Platforms
	EndGlobalSection
	GlobalSection(ProjectConfigurationPlatforms) = postSolution
		{420F4FED-2F28-4BE5-8CEA-9A6B9A57558B}.Debug|.NET.ActiveCfg = Debug|Any CPU
		{420F4FED-2F28-4BE5-8CEA-9A6B9A57558B}.Debug|Any CPU.ActiveCfg = Debug|Any CPU
		{420F4FED-2F28-4BE5-8CEA-9A6B9A57558B}.Debug|Any CPU.Build.0 = Debug|Any CPU
		{420F4FED-2F28-4BE5-8CEA-9A6B9A57558B}.Debug|Mixed Platforms.ActiveCfg = Debug|Any CPU
		{420F4FED-2F28-4BE5-8CEA-9A6B9A57558B}.Debug|Mixed Platforms.Build.0 = Debug|Any CPU
		{420F4FED-2F28-4BE5-8CEA-9A6B9A57558B}.Release|.NET.ActiveCfg = Debug|Any CPU
		{420F4FED-2F28-4BE5-8CEA-9A6B9A57558B}.Release|Any CPU.ActiveCfg = Debug|Any CPU
		{420F4FED-2F28-4BE5-8CEA-9A6B9A57558B}.Release|Any CPU.Build.0 = Debug|Any CPU
		{420F4FED-2F28-4BE5-8CEA-9A6B9A57558B}.Release|Mixed Platforms.ActiveCfg = Debug|Any CPU
		{420F4FED-2F28-4BE5-8CEA-9A6B9A57558B}.Release|Mixed Platforms.Build.0 = Debug|Any CPU
	EndGlobalSection
	GlobalSection(SolutionProperties) = preSolution
		HideSolutionNode = FALSE
	EndGlobalSection
	GlobalSection(ExtensibilityGlobals) = postSolution
		SolutionGuid = {4AA64CB8-39B1-49FC-B3C9-DC9FC23B0EC8}
	EndGlobalSection
EndGlobal
